{
  "name": "pi-extensions",
  "lockfileVersion": 3,
  "requires": true,
  "packages": {
    "": {
      "name": "pi-extensions",
      "dependencies": {
        "pi-work-timer": "^0.1.0"
      }
    },
    "node_modules/pi-work-timer": {
      "version": "0.1.0",
      "resolved": "https://registry.npmjs.org/pi-work-timer/-/pi-work-timer-0.1.0.tgz",
      "integrity": "sha512-EqcI2YlXQDdUAwEDABNN8Tjcbynl81kQqyF3Iy3QYAYs0TGuGNoUl5MdLpV6CbE2+M8G7WHyuFHb/3A5jlvEfQ==",
      "license": "MIT",
      "peerDependencies": {
        "@earendil-works/pi-coding-agent": "*",
        "@earendil-works/pi-tui": "*"
      }
    }
  }
}
